Microsoft Visual Studio Solution File, Format Version 12.00
# Visual Studio Version 17
VisualStudioVersion = 17.5.2.0
MinimumVisualStudioVersion = 10.0.40219.1
Project("{FAE04EC0-301F-11D3-BF4B-00C04F79EFBC}") = "Management.Client", "Management.Client\Management.Client.csproj", "{1DF149CE-D330-C910-105E-752A3933EA24}"
EndProject
Project("{FAE04EC0-301F-11D3-BF4B-00C04F79EFBC}") = "Management.Infrastructure", "Management.Infrastructure\Management.Infrastructure.csproj", "{9FFD8F7E-EAB1-F61B-3188-D22F0706278A}"
EndProject
Project("{FAE04EC0-301F-11D3-BF4B-00C04F79EFBC}") = "Management.Application", "Management.Application\Management.Application.csproj", "{82251ACF-27C0-AD0A-EAA6-C658ABA1BE8C}"
EndProject
Project("{FAE04EC0-301F-11D3-BF4B-00C04F79EFBC}") = "Management.Domain", "Management.Domain\Management.Domain.csproj", "{E72128DC-CDC6-C181-DB07-9ABB88E20E9E}"
EndProject
Global
	GlobalSection(SolutionConfigurationPlatforms) = preSolution
		Debug|Any CPU = Debug|Any CPU
		Release|Any CPU = Release|Any CPU
	EndGlobalSection
	GlobalSection(ProjectConfigurationPlatforms) = postSolution
		{1DF149CE-D330-C910-105E-752A3933EA24}.Debug|Any CPU.ActiveCfg = Debug|Any CPU
		{1DF149CE-D330-C910-105E-752A3933EA24}.Debug|Any CPU.Build.0 = Debug|Any CPU
		{1DF149CE-D330-C910-105E-752A3933EA24}.Release|Any CPU.ActiveCfg = Release|Any CPU
		{1DF149CE-D330-C910-105E-752A3933EA24}.Release|Any CPU.Build.0 = Release|Any CPU
		{9FFD8F7E-EAB1-F61B-3188-D22F0706278A}.Debug|Any CPU.ActiveCfg = Debug|Any CPU
		{9FFD8F7E-EAB1-F61B-3188-D22F0706278A}.Debug|Any CPU.Build.0 = Debug|Any CPU
		{9FFD8F7E-EAB1-F61B-3188-D22F0706278A}.Release|Any CPU.ActiveCfg = Release|Any CPU
		{9FFD8F7E-EAB1-F61B-3188-D22F0706278A}.Release|Any CPU.Build.0 = Release|Any CPU
		{82251ACF-27C0-AD0A-EAA6-C658ABA1BE8C}.Debug|Any CPU.ActiveCfg = Debug|Any CPU
		{82251ACF-27C0-AD0A-EAA6-C658ABA1BE8C}.Debug|Any CPU.Build.0 = Debug|Any CPU
		{82251ACF-27C0-AD0A-EAA6-C658ABA1BE8C}.Release|Any CPU.ActiveCfg = Release|Any CPU
		{82251ACF-27C0-AD0A-EAA6-C658ABA1BE8C}.Release|Any CPU.Build.0 = Release|Any CPU
		{E72128DC-CDC6-C181-DB07-9ABB88E20E9E}.Debug|Any CPU.ActiveCfg = Debug|Any CPU
		{E72128DC-CDC6-C181-DB07-9ABB88E20E9E}.Debug|Any CPU.Build.0 = Debug|Any CPU
		{E72128DC-CDC6-C181-DB07-9ABB88E20E9E}.Release|Any CPU.ActiveCfg = Release|Any CPU
		{E72128DC-CDC6-C181-DB07-9ABB88E20E9E}.Release|Any CPU.Build.0 = Release|Any CPU
	EndGlobalSection
	GlobalSection(SolutionProperties) = preSolution
		HideSolutionNode = FALSE
	EndGlobalSection
	GlobalSection(ExtensibilityGlobals) = postSolution
		SolutionGuid = {34A4F612-00F7-4567-ACBC-E7A216BFB419}
	EndGlobalSection
EndGlobal
